{
  "name": "@nx/command-parser",
  "version": "1.0.3",
  "lockfileVersion": 1,
  "requires": true,
  "dependencies": {
    "@nnnx/utils": {
      "version": "1.0.1",
      "resolved": "https://registry.npmjs.org/@nnnx/utils/-/utils-1.0.1.tgz",
      "integrity": "sha512-bdv25xEV3MS487r9k8t5aVD7QEhmm7O1oODZrj25zIGxkuKCmLiXZYFCv3qkrx4s7VEZmL1CR8T3GRvFUxix2w=="
    }
  }
}
